{
  "name": "server",
  "version": "1.0.0",
  "lockfileVersion": 1,
  "requires": true,
  "dependencies": {
    "geo-nearby": {
      "version": "2.0.1",
      "resolved": "https://registry.npmjs.org/geo-nearby/-/geo-nearby-2.0.1.tgz",
      "integrity": "sha1-PVRUrP3WksEeruQIAMCnjDmPR4Y=",
      "requires": {
        "ngeohash": "^0.6.0"
      }
    },
    "geolib": {
      "version": "3.2.1",
      "resolved": "https://registry.npmjs.org/geolib/-/geolib-3.2.1.tgz",
      "integrity": "sha512-O9nD8iSD4VimupKak8bKySLkkWI5VWetxIXsU7jmJRXxBFRR9LxSXGfTomtcHJLSRiznx+YHXHTOIVq4qgQmPw=="
    },
    "ngeohash": {
      "version": "0.6.3",
      "resolved": "https://registry.npmjs.org/ngeohash/-/ngeohash-0.6.3.tgz",
      "integrity": "sha512-kltF0cOxgx1AbmVzKxYZaoB0aj7mOxZeHaerEtQV0YaqnkXNq26WWqMmJ6lTqShYxVRWZ/mwvvTrNeOwdslWiw=="
    }
  }
}
