# THIS IS AN AUTOGENERATED FILE. DO NOT EDIT THIS FILE DIRECTLY.
# yarn lockfile v1


geo-nearby@^2.0.1:
  version "2.0.1"
  resolved "https://registry.yarnpkg.com/geo-nearby/-/geo-nearby-2.0.1.tgz#3d5454acfdd692c11eaee40800c0a78c398f4786"
  integrity sha1-PVRUrP3WksEeruQIAMCnjDmPR4Y=
  dependencies:
    ngeohash "^0.6.0"

geolib@^3.2.1:
  version "3.2.1"
  resolved "https://registry.yarnpkg.com/geolib/-/geolib-3.2.1.tgz#1d7c6e7106eddc10445ba2038550aab63d6e4fa4"
  integrity sha512-O9nD8iSD4VimupKak8bKySLkkWI5VWetxIXsU7jmJRXxBFRR9LxSXGfTomtcHJLSRiznx+YHXHTOIVq4qgQmPw==

ngeohash@^0.6.0, ngeohash@^0.6.3:
  version "0.6.3"
  resolved "https://registry.yarnpkg.com/ngeohash/-/ngeohash-0.6.3.tgz#10b1e80be5488262ec95c56cf2dbb6c45fbdf245"
  integrity sha512-kltF0cOxgx1AbmVzKxYZaoB0aj7mOxZeHaerEtQV0YaqnkXNq26WWqMmJ6lTqShYxVRWZ/mwvvTrNeOwdslWiw==
